
Microsoft Visual Studio Solution File, Format Version 12.00
# Visual Studio Version 16
VisualStudioVersion = 16.0.32126.315
MinimumVisualStudioVersion = 10.0.40219.1
Project("{8BC9CEB8-8B4A-11D0-8D11-00A0C91BC942}") = "Task 1", "Task 1\Task 1.vcxproj", "{D7D5AE7D-FE76-438B-A5A3-F2508D84BACC}"
EndProject
Project("{8BC9CEB8-8B4A-11D0-8D11-00A0C91BC942}") = "Task 2", "Task 2\Task 2.vcxproj", "{1DCD751E-8621-4AB4-8FCF-ADAEDF629C1C}"
EndProject
Project("{8BC9CEB8-8B4A-11D0-8D11-00A0C91BC942}") = "Task 3", "Task 3\Task 3.vcxproj", "{34AEC750-9659-49FC-90A2-AD1E7D74831F}"
EndProject
Project("{8BC9CEB8-8B4A-11D0-8D11-00A0C91BC942}") = "Task 4", "Task 4\Task 4.vcxproj", "{A2DFBDD3-E02B-49EB-BA99-6118DD721A42}"
EndProject
Global
	GlobalSection(SolutionConfigurationPlatforms) = preSolution
		Debug|x64 = Debug|x64
		Debug|x86 = Debug|x86
		Release|x64 = Release|x64
		Release|x86 = Release|x86
	EndGlobalSection
	GlobalSection(ProjectConfigurationPlatforms) = postSolution
		{D7D5AE7D-FE76-438B-A5A3-F2508D84BACC}.Debug|x64.ActiveCfg = Debug|x64
		{D7D5AE7D-FE76-438B-A5A3-F2508D84BACC}.Debug|x64.Build.0 = Debug|x64
		{D7D5AE7D-FE76-438B-A5A3-F2508D84BACC}.Debug|x86.ActiveCfg = Debug|Win32
		{D7D5AE7D-FE76-438B-A5A3-F2508D84BACC}.Debug|x86.Build.0 = Debug|Win32
		{D7D5AE7D-FE76-438B-A5A3-F2508D84BACC}.Release|x64.ActiveCfg = Release|x64
		{D7D5AE7D-FE76-438B-A5A3-F2508D84BACC}.Release|x64.Build.0 = Release|x64
		{D7D5AE7D-FE76-438B-A5A3-F2508D84BACC}.Release|x86.ActiveCfg = Release|Win32
		{D7D5AE7D-FE76-438B-A5A3-F2508D84BACC}.Release|x86.Build.0 = Release|Win32
		{1DCD751E-8621-4AB4-8FCF-ADAEDF629C1C}.Debug|x64.ActiveCfg = Debug|x64
		{1DCD751E-8621-4AB4-8FCF-ADAEDF629C1C}.Debug|x64.Build.0 = Debug|x64
		{1DCD751E-8621-4AB4-8FCF-ADAEDF629C1C}.Debug|x86.ActiveCfg = Debug|Win32
		{1DCD751E-8621-4AB4-8FCF-ADAEDF629C1C}.Debug|x86.Build.0 = Debug|Win32
		{1DCD751E-8621-4AB4-8FCF-ADAEDF629C1C}.Release|x64.ActiveCfg = Release|x64
		{1DCD751E-8621-4AB4-8FCF-ADAEDF629C1C}.Release|x64.Build.0 = Release|x64
		{1DCD751E-8621-4AB4-8FCF-ADAEDF629C1C}.Release|x86.ActiveCfg = Release|Win32
		{1DCD751E-8621-4AB4-8FCF-ADAEDF629C1C}.Release|x86.Build.0 = Release|Win32
		{34AEC750-9659-49FC-90A2-AD1E7D74831F}.Debug|x64.ActiveCfg = Debug|x64
		{34AEC750-9659-49FC-90A2-AD1E7D74831F}.Debug|x64.Build.0 = Debug|x64
		{34AEC750-9659-49FC-90A2-AD1E7D74831F}.Debug|x86.ActiveCfg = Debug|Win32
		{34AEC750-9659-49FC-90A2-AD1E7D74831F}.Debug|x86.Build.0 = Debug|Win32
		{34AEC750-9659-49FC-90A2-AD1E7D74831F}.Release|x64.ActiveCfg = Release|x64
		{34AEC750-9659-49FC-90A2-AD1E7D74831F}.Release|x64.Build.0 = Release|x64
		{34AEC750-9659-49FC-90A2-AD1E7D74831F}.Release|x86.ActiveCfg = Release|Win32
		{34AEC750-9659-49FC-90A2-AD1E7D74831F}.Release|x86.Build.0 = Release|Win32
		{A2DFBDD3-E02B-49EB-BA99-6118DD721A42}.Debug|x64.ActiveCfg = Debug|x64
		{A2DFBDD3-E02B-49EB-BA99-6118DD721A42}.Debug|x64.Build.0 = Debug|x64
		{A2DFBDD3-E02B-49EB-BA99-6118DD721A42}.Debug|x86.ActiveCfg = Debug|Win32
		{A2DFBDD3-E02B-49EB-BA99-6118DD721A42}.Debug|x86.Build.0 = Debug|Win32
		{A2DFBDD3-E02B-49EB-BA99-6118DD721A42}.Release|x64.ActiveCfg = Release|x64
		{A2DFBDD3-E02B-49EB-BA99-6118DD721A42}.Release|x64.Build.0 = Release|x64
		{A2DFBDD3-E02B-49EB-BA99-6118DD721A42}.Release|x86.ActiveCfg = Release|Win32
		{A2DFBDD3-E02B-49EB-BA99-6118DD721A42}.Release|x86.Build.0 = Release|Win32
	EndGlobalSection
	GlobalSection(SolutionProperties) = preSolution
		HideSolutionNode = FALSE
	EndGlobalSection
	GlobalSection(ExtensibilityGlobals) = postSolution
		SolutionGuid = {D357982D-B134-4B4A-A793-80127CDF451D}
	EndGlobalSection
EndGlobal
